
Microsoft Visual Studio Solution File, Format Version 12.00
# Visual Studio Version 17
VisualStudioVersion = 17.13.35931.197 d17.13
MinimumVisualStudioVersion = 10.0.40219.1
Project("{FAE04EC0-301F-11D3-BF4B-00C04F79EFBC}") = "API", "API.csproj", "{C2CDAA67-CC97-4D85-A6DB-822A980C5276}"
EndProject
Project("{FAE04EC0-301F-11D3-BF4B-00C04F79EFBC}") = "BLL", "..\BLL\BLL.csproj", "{17AFB54E-C3B0-43A6-A638-5BF92377AC7D}"
EndProject
Project("{FAE04EC0-301F-11D3-BF4B-00C04F79EFBC}") = "DAL", "..\DAL\DAL.csproj", "{A1F2A54E-F915-4E8B-A2E6-0B3DF9C0600D}"
EndProject
Global
	GlobalSection(SolutionConfigurationPlatforms) = preSolution
		Debug|Any CPU = Debug|Any CPU
		Release|Any CPU = Release|Any CPU
	EndGlobalSection
	GlobalSection(ProjectConfigurationPlatforms) = postSolution
		{C2CDAA67-CC97-4D85-A6DB-822A980C5276}.Debug|Any CPU.ActiveCfg = Debug|Any CPU
		{C2CDAA67-CC97-4D85-A6DB-822A980C5276}.Debug|Any CPU.Build.0 = Debug|Any CPU
		{C2CDAA67-CC97-4D85-A6DB-822A980C5276}.Release|Any CPU.ActiveCfg = Release|Any CPU
		{C2CDAA67-CC97-4D85-A6DB-822A980C5276}.Release|Any CPU.Build.0 = Release|Any CPU
		{17AFB54E-C3B0-43A6-A638-5BF92377AC7D}.Debug|Any CPU.ActiveCfg = Debug|Any CPU
		{17AFB54E-C3B0-43A6-A638-5BF92377AC7D}.Debug|Any CPU.Build.0 = Debug|Any CPU
		{17AFB54E-C3B0-43A6-A638-5BF92377AC7D}.Release|Any CPU.ActiveCfg = Release|Any CPU
		{17AFB54E-C3B0-43A6-A638-5BF92377AC7D}.Release|Any CPU.Build.0 = Release|Any CPU
		{A1F2A54E-F915-4E8B-A2E6-0B3DF9C0600D}.Debug|Any CPU.ActiveCfg = Debug|Any CPU
		{A1F2A54E-F915-4E8B-A2E6-0B3DF9C0600D}.Debug|Any CPU.Build.0 = Debug|Any CPU
		{A1F2A54E-F915-4E8B-A2E6-0B3DF9C0600D}.Release|Any CPU.ActiveCfg = Release|Any CPU
		{A1F2A54E-F915-4E8B-A2E6-0B3DF9C0600D}.Release|Any CPU.Build.0 = Release|Any CPU
	EndGlobalSection
	GlobalSection(SolutionProperties) = preSolution
		HideSolutionNode = FALSE
	EndGlobalSection
	GlobalSection(ExtensibilityGlobals) = postSolution
		SolutionGuid = {BF5744E4-F3FC-4D6E-93DD-09E0BC518533}
	EndGlobalSection
EndGlobal
